// !$*UTF8*$!
{
	archiveVersion = 1;
	classes = {
	};
	objectVersion = 56;
	objects = {

/* Begin PBXBuildFile section */
		17C86B792C76694C002CFE30 /* SimpleCounterApp.swift in Sources */ = {isa = PBXBuildFile; fileRef = 17C86B782C76694C002CFE30 /* SimpleCounterApp.swift */; };
		17C86B7B2C76694C002CFE30 /* MainView.swift in Sources */ = {isa = PBXBuildFile; fileRef = 17C86B7A2C76694C002CFE30 /* MainView.swift */; };
		17C86B7D2C76694D002CFE30 /* Assets.xcassets in Resources */ = {isa = PBXBuildFile; fileRef = 17C86B7C2C76694D002CFE30 /* Assets.xcassets */; };
		17C86B802C76694D002CFE30 /* Preview Assets.xcassets in Resources */ = {isa = PBXBuildFile; fileRef = 17C86B7F2C76694D002CFE30 /* Preview Assets.xcassets */; };
		17C86B8A2C76694D002CFE30 /* SimpleCounterTests.swift in Sources */ = {isa = PBXBuildFile; fileRef = 17C86B892C76694D002CFE30 /* SimpleCounterTests.swift */; };
		17C86B942C76694D002CFE30 /* SimpleCounterUITests.swift in Sources */ = {isa = PBXBuildFile; fileRef = 17C86B932C76694D002CFE30 /* SimpleCounterUITests.swift */; };
		17C86B962C76694D002CFE30 /* SimpleCounterUITestsLaunchTests.swift in Sources */ = {isa = PBXBuildFile; fileRef = 17C86B952C76694D002CFE30 /* SimpleCounterUITestsLaunchTests.swift */; };
		17C86BA32C766974002CFE30 /* CounterModel.swift in Sources */ = {isa = PBXBuildFile; fileRef = 17C86BA22C766974002CFE30 /* CounterModel.swift */; };
		17C86BA52C769104002CFE30 /* CustomButton.swift in Sources */ = {isa = PBXBuildFile; fileRef = 17C86BA42C769104002CFE30 /* CustomButton.swift */; };
/* End PBXBuildFile section */

/* Begin PBXContainerItemProxy section */
		17C86B862C76694D002CFE30 /* PBXContainerItemProxy */ = {
			isa = PBXContainerItemProxy;
			containerPortal = 17C86B6D2C76694C002CFE30 /* Project object */;
			proxyType = 1;
			remoteGlobalIDString = 17C86B742C76694C002CFE30;
			remoteInfo = SimpleCounter;
		};
		17C86B902C76694D002CFE30 /* PBXContainerItemProxy */ = {
			isa = PBXContainerItemProxy;
			containerPortal = 17C86B6D2C76694C002CFE30 /* Project object */;
			proxyType = 1;
			remoteGlobalIDString = 17C86B742C76694C002CFE30;
			remoteInfo = SimpleCounter;
		};
/* End PBXContainerItemProxy section */

/* Begin PBXFileReference section */
		17C86B752C76694C002CFE30 /* SimpleCounter.app */ = {isa = PBXFileReference; explicitFileType = wrapper.application; includeInIndex = 0; path = SimpleCounter.app; sourceTree = BUILT_PRODUCTS_DIR; };
		17C86B782C76694C002CFE30 /* SimpleCounterApp.swift */ = {isa = PBXFileReference; lastKnownFileType = sourcecode.swift; path = SimpleCounterApp.swift; sourceTree = "<group>"; };
		17C86B7A2C76694C002CFE30 /* MainView.swift */ = {isa = PBXFileReference; lastKnownFileType = sourcecode.swift; path = MainView.swift; sourceTree = "<group>"; };
		17C86B7C2C76694D002CFE30 /* Assets.xcassets */ = {isa = PBXFileReference; lastKnownFileType = folder.assetcatalog; path = Assets.xcassets; sourceTree = "<group>"; };
		17C86B7F2C76694D002CFE30 /* Preview Assets.xcassets */ = {isa = PBXFileReference; lastKnownFileType = folder.assetcatalog; path = "Preview Assets.xcassets"; sourceTree = "<group>"; };
		17C86B852C76694D002CFE30 /* SimpleCounterTests.xctest */ = {isa = PBXFileReference; explicitFileType = wrapper.cfbundle; includeInIndex = 0; path = SimpleCounterTests.xctest; sourceTree = BUILT_PRODUCTS_DIR; };
		17C86B892C76694D002CFE30 /* SimpleCounterTests.swift */ = {isa = PBXFileReference; lastKnownFileType = sourcecode.swift; path = SimpleCounterTests.swift; sourceTree = "<group>"; };
		17C86B8F2C76694D002CFE30 /* SimpleCounterUITests.xctest */ = {isa = PBXFileReference; explicitFileType = wrapper.cfbundle; includeInIndex = 0; path = SimpleCounterUITests.xctest; sourceTree = BUILT_PRODUCTS_DIR; };
		17C86B932C76694D002CFE30 /* SimpleCounterUITests.swift */ = {isa = PBXFileReference; lastKnownFileType = sourcecode.swift; path = SimpleCounterUITests.swift; sourceTree = "<group>"; };
		17C86B952C76694D002CFE30 /* SimpleCounterUITestsLaunchTests.swift */ = {isa = PBXFileReference; lastKnownFileType = sourcecode.swift; path = SimpleCounterUITestsLaunchTests.swift; sourceTree = "<group>"; };
		17C86BA22C766974002CFE30 /* CounterModel.swift */ = {isa = PBXFileReference; lastKnownFileType = sourcecode.swift; path = CounterModel.swift; sourceTree = "<group>"; };
		17C86BA42C769104002CFE30 /* CustomButton.swift */ = {isa = PBXFileReference; lastKnownFileType = sourcecode.swift; path = CustomButton.swift; sourceTree = "<group>"; };
/* End PBXFileReference section */

/* Begin PBXFrameworksBuildPhase section */
		17C86B722C76694C002CFE30 /* Frameworks */ = {
			isa = PBXFrameworksBuildPhase;
			buildActionMask = 2147483647;
			files = (
			);
			runOnlyForDeploymentPostprocessing = 0;
		};
		17C86B822C76694D002CFE30 /* Frameworks */ = {
			isa = PBXFrameworksBuildPhase;
			buildActionMask = 2147483647;
			files = (
			);
			runOnlyForDeploymentPostprocessing = 0;
		};
		17C86B8C2C76694D002CFE30 /* Frameworks */ = {
			isa = PBXFrameworksBuildPhase;
			buildActionMask = 2147483647;
			files = (
			);
			runOnlyForDeploymentPostprocessing = 0;
		};
/* End PBXFrameworksBuildPhase section */

/* Begin PBXGroup section */
		17C86B6C2C76694C002CFE30 = {
			isa = PBXGroup;
			children = (
				17C86B772C76694C002CFE30 /* SimpleCounter */,
				17C86B882C76694D002CFE30 /* SimpleCounterTests */,
				17C86B922C76694D002CFE30 /* SimpleCounterUITests */,
				17C86B762C76694C002CFE30 /* Products */,
			);
			sourceTree = "<group>";
		};
		17C86B762C76694C002CFE30 /* Products */ = {
			isa = PBXGroup;
			children = (
				17C86B752C76694C002CFE30 /* SimpleCounter.app */,
				17C86B852C76694D002CFE30 /* SimpleCounterTests.xctest */,
				17C86B8F2C76694D002CFE30 /* SimpleCounterUITests.xctest */,
			);
			name = Products;
			sourceTree = "<group>";
		};
		17C86B772C76694C002CFE30 /* SimpleCounter */ = {
			isa = PBXGroup;
			children = (
				17C86B782C76694C002CFE30 /* SimpleCounterApp.swift */,
				17C86B7A2C76694C002CFE30 /* MainView.swift */,
				17C86BA22C766974002CFE30 /* CounterModel.swift */,
				17C86BA42C769104002CFE30 /* CustomButton.swift */,
				17C86B7C2C76694D002CFE30 /* Assets.xcassets */,
				17C86B7E2C76694D002CFE30 /* Preview Content */,
			);
			path = SimpleCounter;
			sourceTree = "<group>";
		};
		17C86B7E2C76694D002CFE30 /* Preview Content */ = {
			isa = PBXGroup;
			children = (
				17C86B7F2C76694D002CFE30 /* Preview Assets.xcassets */,
			);
			path = "Preview Content";
			sourceTree = "<group>";
		};
		17C86B882C76694D002CFE30 /* SimpleCounterTests */ = {
			isa = PBXGroup;
			children = (
				17C86B892C76694D002CFE30 /* SimpleCounterTests.swift */,
			);
			path = SimpleCounterTests;
			sourceTree = "<group>";
		};
		17C86B922C76694D002CFE30 /* SimpleCounterUITests */ = {
			isa = PBXGroup;
			children = (
				17C86B932C76694D002CFE30 /* SimpleCounterUITests.swift */,
				17C86B952C76694D002CFE30 /* SimpleCounterUITestsLaunchTests.swift */,
			);
			path = SimpleCounterUITests;
			sourceTree = "<group>";
		};
/* End PBXGroup section */

/* Begin PBXNativeTarget section */
		17C86B742C76694C002CFE30 /* SimpleCounter */ = {
			isa = PBXNativeTarget;
			buildConfigurationList = 17C86B992C76694D002CFE30 /* Build configuration list for PBXNativeTarget "SimpleCounter" */;
			buildPhases = (
				17C86B712C76694C002CFE30 /* Sources */,
				17C86B722C76694C002CFE30 /* Frameworks */,
				17C86B732C76694C002CFE30 /* Resources */,
			);
			buildRules = (
			);
			dependencies = (
			);
			name = SimpleCounter;
			productName = SimpleCounter;
			productReference = 17C86B752C76694C002CFE30 /* SimpleCounter.app */;
			productType = "com.apple.product-type.application";
		};
		17C86B842C76694D002CFE30 /* SimpleCounterTests */ = {
			isa = PBXNativeTarget;
			buildConfigurationList = 17C86B9C2C76694D002CFE30 /* Build configuration list for PBXNativeTarget "SimpleCounterTests" */;
			buildPhases = (
				17C86B812C76694D002CFE30 /* Sources */,
				17C86B822C76694D002CFE30 /* Frameworks */,
				17C86B832C76694D002CFE30 /* Resources */,
			);
			buildRules = (
			);
			dependencies = (
				17C86B872C76694D002CFE30 /* PBXTargetDependency */,
			);
			name = SimpleCounterTests;
			productName = SimpleCounterTests;
			productReference = 17C86B852C76694D002CFE30 /* SimpleCounterTests.xctest */;
			productType = "com.apple.product-type.bundle.unit-test";
		};
		17C86B8E2C76694D002CFE30 /* SimpleCounterUITests */ = {
			isa = PBXNativeTarget;
			buildConfigurationList = 17C86B9F2C76694D002CFE30 /* Build configuration list for PBXNativeTarget "SimpleCounterUITests" */;
			buildPhases = (
				17C86B8B2C76694D002CFE30 /* Sources */,
				17C86B8C2C76694D002CFE30 /* Frameworks */,
				17C86B8D2C76694D002CFE30 /* Resources */,
			);
			buildRules = (
			);
			dependencies = (
				17C86B912C76694D002CFE30 /* PBXTargetDependency */,
			);
			name = SimpleCounterUITests;
			productName = SimpleCounterUITests;
			productReference = 17C86B8F2C76694D002CFE30 /* SimpleCounterUITests.xctest */;
			productType = "com.apple.product-type.bundle.ui-testing";
		};
/* End PBXNativeTarget section */

/* Begin PBXProject section */
		17C86B6D2C76694C002CFE30 /* Project object */ = {
			isa = PBXProject;
			attributes = {
				BuildIndependentTargetsInParallel = 1;
				LastSwiftUpdateCheck = 1540;
				LastUpgradeCheck = 1540;
				TargetAttributes = {
					17C86B742C76694C002CFE30 = {
						CreatedOnToolsVersion = 15.4;
					};
					17C86B842C76694D002CFE30 = {
						CreatedOnToolsVersion = 15.4;
						TestTargetID = 17C86B742C76694C002CFE30;
					};
					17C86B8E2C76694D002CFE30 = {
						CreatedOnToolsVersion = 15.4;
						TestTargetID = 17C86B742C76694C002CFE30;
					};
				};
			};
			buildConfigurationList = 17C86B702C76694C002CFE30 /* Build configuration list for PBXProject "SimpleCounter" */;
			compatibilityVersion = "Xcode 14.0";
			developmentRegion = en;
			hasScannedForEncodings = 0;
			knownRegions = (
				en,
				Base,
			);
			mainGroup = 17C86B6C2C76694C002CFE30;
			productRefGroup = 17C86B762C76694C002CFE30 /* Products */;
			projectDirPath = "";
			projectRoot = "";
			targets = (
				17C86B742C76694C002CFE30 /* SimpleCounter */,
				17C86B842C76694D002CFE30 /* SimpleCounterTests */,
				17C86B8E2C76694D002CFE30 /* SimpleCounterUITests */,
			);
		};
/* End PBXProject section */

/* Begin PBXResourcesBuildPhase section */
		17C86B732C76694C002CFE30 /* Resources */ = {
			isa = PBXResourcesBuildPhase;
			buildActionMask = 2147483647;
			files = (
				17C86B802C76694D002CFE30 /* Preview Assets.xcassets in Resources */,
				17C86B7D2C76694D002CFE30 /* Assets.xcassets in Resources */,
			);
			runOnlyForDeploymentPostprocessing = 0;
		};
		17C86B832C76694D002CFE30 /* Resources */ = {
			isa = PBXResourcesBuildPhase;
			buildActionMask = 2147483647;
			files = (
			);
			runOnlyForDeploymentPostprocessing = 0;
		};
		17C86B8D2C76694D002CFE30 /* Resources */ = {
			isa = PBXResourcesBuildPhase;
			buildActionMask = 2147483647;
			files = (
			);
			runOnlyForDeploymentPostprocessing = 0;
		};
/* End PBXResourcesBuildPhase section */

/* Begin PBXSourcesBuildPhase section */
		17C86B712C76694C002CFE30 /* Sources */ = {
			isa = PBXSourcesBuildPhase;
			buildActionMask = 2147483647;
			files = (
				17C86BA52C769104002CFE30 /* CustomButton.swift in Sources */,
				17C86B7B2C76694C002CFE30 /* MainView.swift in Sources */,
				17C86B792C76694C002CFE30 /* SimpleCounterApp.swift in Sources */,
				17C86BA32C766974002CFE30 /* CounterModel.swift in Sources */,
			);
			runOnlyForDeploymentPostprocessing = 0;
		};
		17C86B812C76694D002CFE30 /* Sources */ = {
			isa = PBXSourcesBuildPhase;
			buildActionMask = 2147483647;
			files = (
				17C86B8A2C76694D002CFE30 /* SimpleCounterTests.swift in Sources */,
			);
			runOnlyForDeploymentPostprocessing = 0;
		};
		17C86B8B2C76694D002CFE30 /* Sources */ = {
			isa = PBXSourcesBuildPhase;
			buildActionMask = 2147483647;
			files = (
				17C86B942C76694D002CFE30 /* SimpleCounterUITests.swift in Sources */,
				17C86B962C76694D002CFE30 /* SimpleCounterUITestsLaunchTests.swift in Sources */,
			);
			runOnlyForDeploymentPostprocessing = 0;
		};
/* End PBXSourcesBuildPhase section */

/* Begin PBXTargetDependency section */
		17C86B872C76694D002CFE30 /* PBXTargetDependency */ = {
			isa = PBXTargetDependency;
			target = 17C86B742C76694C002CFE30 /* SimpleCounter */;
			targetProxy = 17C86B862C76694D002CFE30 /* PBXContainerItemProxy */;
		};
		17C86B912C76694D002CFE30 /* PBXTargetDependency */ = {
			isa = PBXTargetDependency;
			target = 17C86B742C76694C002CFE30 /* SimpleCounter */;
			targetProxy = 17C86B902C76694D002CFE30 /* PBXContainerItemProxy */;
		};
/* End PBXTargetDependency section */

/* Begin XCBuildConfiguration section */
		17C86B972C76694D002CFE30 /* Debug */ = {
			isa = XCBuildConfiguration;
			buildSettings = {
				ALWAYS_SEARCH_USER_PATHS = NO;
				ASSETCATALOG_COMPILER_GENERATE_SWIFT_ASSET_SYMBOL_EXTENSIONS = YES;
				CLANG_ANALYZER_NONNULL = YES;
				CLANG_ANALYZER_NUMBER_OBJECT_CONVERSION = YES_AGGRESSIVE;
				CLANG_CXX_LANGUAGE_STANDARD = "gnu++20";
				CLANG_ENABLE_MODULES = YES;
				CLANG_ENABLE_OBJC_ARC = YES;
				CLANG_ENABLE_OBJC_WEAK = YES;
				CLANG_WARN_BLOCK_CAPTURE_AUTORELEASING = YES;
				CLANG_WARN_BOOL_CONVERSION = YES;
				CLANG_WARN_COMMA = YES;
				CLANG_WARN_CONSTANT_CONVERSION = YES;
				CLANG_WARN_DEPRECATED_OBJC_IMPLEMENTATIONS = YES;
				CLANG_WARN_DIRECT_OBJC_ISA_USAGE = YES_ERROR;
				CLANG_WARN_DOCUMENTATION_COMMENTS = YES;
				CLANG_WARN_EMPTY_BODY = YES;
				CLANG_WARN_ENUM_CONVERSION = YES;
				CLANG_WARN_INFINITE_RECURSION = YES;
				CLANG_WARN_INT_CONVERSION = YES;
				CLANG_WARN_NON_LITERAL_NULL_CONVERSION = YES;
				CLANG_WARN_OBJC_IMPLICIT_RETAIN_SELF = YES;
				CLANG_WARN_OBJC_LITERAL_CONVERSION = YES;
				CLANG_WARN_OBJC_ROOT_CLASS = YES_ERROR;
				CLANG_WARN_QUOTED_INCLUDE_IN_FRAMEWORK_HEADER = YES;
				CLANG_WARN_RANGE_LOOP_ANALYSIS = YES;
				CLANG_WARN_STRICT_PROTOTYPES = YES;
				CLANG_WARN_SUSPICIOUS_MOVE = YES;
				CLANG_WARN_UNGUARDED_AVAILABILITY = YES_AGGRESSIVE;
				CLANG_WARN_UNREACHABLE_CODE = YES;
				CLANG_WARN__DUPLICATE_METHOD_MATCH = YES;
				COPY_PHASE_STRIP = NO;
				DEBUG_INFORMATION_FORMAT = dwarf;
				ENABLE_STRICT_OBJC_MSGSEND = YES;
				ENABLE_TESTABILITY = YES;
				ENABLE_USER_SCRIPT_SANDBOXING = YES;
				GCC_C_LANGUAGE_STANDARD = gnu17;
				GCC_DYNAMIC_NO_PIC = NO;
				GCC_NO_COMMON_BLOCKS = YES;
				GCC_OPTIMIZATION_LEVEL = 0;
				GCC_PREPROCESSOR_DEFINITIONS = (
					"DEBUG=1",
					"$(inherited)",
				);
				GCC_WARN_64_TO_32_BIT_CONVERSION = YES;
				GCC_WARN_ABOUT_RETURN_TYPE = YES_ERROR;
				GCC_WARN_UNDECLARED_SELECTOR = YES;
				GCC_WARN_UNINITIALIZED_AUTOS = YES_AGGRESSIVE;
				GCC_WARN_UNUSED_FUNCTION = YES;
				GCC_WARN_UNUSED_VARIABLE = YES;
				IPHONEOS_DEPLOYMENT_TARGET = 17.5;
				LOCALIZATION_PREFERS_STRING_CATALOGS = YES;
				MTL_ENABLE_DEBUG_INFO = INCLUDE_SOURCE;
				MTL_FAST_MATH = YES;
				ONLY_ACTIVE_ARCH = YES;
				SDKROOT = iphoneos;
				SWIFT_ACTIVE_COMPILATION_CONDITIONS = "DEBUG $(inherited)";
				SWIFT_OPTIMIZATION_LEVEL = "-Onone";
			};
			name = Debug;
		};
		17C86B982C76694D002CFE30 /* Release */ = {
			isa = XCBuildConfiguration;
			buildSettings = {
				ALWAYS_SEARCH_USER_PATHS = NO;
				ASSETCATALOG_COMPILER_GENERATE_SWIFT_ASSET_SYMBOL_EXTENSIONS = YES;
				CLANG_ANALYZER_NONNULL = YES;
				CLANG_ANALYZER_NUMBER_OBJECT_CONVERSION = YES_AGGRESSIVE;
				CLANG_CXX_LANGUAGE_STANDARD = "gnu++20";
				CLANG_ENABLE_MODULES = YES;
				CLANG_ENABLE_OBJC_ARC = YES;
				CLANG_ENABLE_OBJC_WEAK = YES;
				CLANG_WARN_BLOCK_CAPTURE_AUTORELEASING = YES;
				CLANG_WARN_BOOL_CONVERSION = YES;
				CLANG_WARN_COMMA = YES;
				CLANG_WARN_CONSTANT_CONVERSION = YES;
				CLANG_WARN_DEPRECATED_OBJC_IMPLEMENTATIONS = YES;
				CLANG_WARN_DIRECT_OBJC_ISA_USAGE = YES_ERROR;
				CLANG_WARN_DOCUMENTATION_COMMENTS = YES;
				CLANG_WARN_EMPTY_BODY = YES;
				CLANG_WARN_ENUM_CONVERSION = YES;
				CLANG_WARN_INFINITE_RECURSION = YES;
				CLANG_WARN_INT_CONVERSION = YES;
				CLANG_WARN_NON_LITERAL_NULL_CONVERSION = YES;
				CLANG_WARN_OBJC_IMPLICIT_RETAIN_SELF = YES;
				CLANG_WARN_OBJC_LITERAL_CONVERSION = YES;
				CLANG_WARN_OBJC_ROOT_CLASS = YES_ERROR;
				CLANG_WARN_QUOTED_INCLUDE_IN_FRAMEWORK_HEADER = YES;
				CLANG_WARN_RANGE_LOOP_ANALYSIS = YES;
				CLANG_WARN_STRICT_PROTOTYPES = YES;
				CLANG_WARN_SUSPICIOUS_MOVE = YES;
				CLANG_WARN_UNGUARDED_AVAILABILITY = YES_AGGRESSIVE;
				CLANG_WARN_UNREACHABLE_CODE = YES;
				CLANG_WARN__DUPLICATE_METHOD_MATCH = YES;
				COPY_PHASE_STRIP = NO;
				DEBUG_INFORMATION_FORMAT = "dwarf-with-dsym";
				ENABLE_NS_ASSERTIONS = NO;
				ENABLE_STRICT_OBJC_MSGSEND = YES;
				ENABLE_USER_SCRIPT_SANDBOXING = YES;
				GCC_C_LANGUAGE_STANDARD = gnu17;
				GCC_NO_COMMON_BLOCKS = YES;
				GCC_WARN_64_TO_32_BIT_CONVERSION = YES;
				GCC_WARN_ABOUT_RETURN_TYPE = YES_ERROR;
				GCC_WARN_UNDECLARED_SELECTOR = YES;
				GCC_WARN_UNINITIALIZED_AUTOS = YES_AGGRESSIVE;
				GCC_WARN_UNUSED_FUNCTION = YES;
				GCC_WARN_UNUSED_VARIABLE = YES;
				IPHONEOS_DEPLOYMENT_TARGET = 17.5;
				LOCALIZATION_PREFERS_STRING_CATALOGS = YES;
				MTL_ENABLE_DEBUG_INFO = NO;
				MTL_FAST_MATH = YES;
				SDKROOT = iphoneos;
				SWIFT_COMPILATION_MODE = wholemodule;
				VALIDATE_PRODUCT = YES;
			};
			name = Release;
		};
		17C86B9A2C76694D002CFE30 /* Debug */ = {
			isa = XCBuildConfiguration;
			buildSettings = {
				ASSETCATALOG_COMPILER_APPICON_NAME = AppIcon;
				ASSETCATALOG_COMPILER_GLOBAL_ACCENT_COLOR_NAME = AccentColor;
				CODE_SIGN_STYLE = Automatic;
				CURRENT_PROJECT_VERSION = 1;
				DEVELOPMENT_ASSET_PATHS = "\"SimpleCounter/Preview Content\"";
				DEVELOPMENT_TEAM = Q9X85ALM3B;
				ENABLE_PREVIEWS = YES;
				GENERATE_INFOPLIST_FILE = YES;
				INFOPLIST_KEY_UIApplicationSceneManifest_Generation = YES;
				INFOPLIST_KEY_UIApplicationSupportsIndirectInputEvents = YES;
				INFOPLIST_KEY_UILaunchScreen_Generation = YES;
				INFOPLIST_KEY_UISupportedInterfaceOrientations_iPad = "UIInterfaceOrientationPortrait UIInterfaceOrientationPortraitUpsideDown UIInterfaceOrientationLandscapeLeft UIInterfaceOrientationLandscapeRight";
				INFOPLIST_KEY_UISupportedInterfaceOrientations_iPhone = "UIInterfaceOrientationPortrait UIInterfaceOrientationLandscapeLeft UIInterfaceOrientationLandscapeRight";
				LD_RUNPATH_SEARCH_PATHS = (
					"$(inherited)",
					"@executable_path/Frameworks",
				);
				MARKETING_VERSION = 1.0;
				PRODUCT_BUNDLE_IDENTIFIER = com.dishant.SimpleCounter;
				PRODUCT_NAME = "$(TARGET_NAME)";
				SWIFT_EMIT_LOC_STRINGS = YES;
				SWIFT_VERSION = 5.0;
				TARGETED_DEVICE_FAMILY = "1,2";
			};
			name = Debug;
		};
		17C86B9B2C76694D002CFE30 /* Release */ = {
			isa = XCBuildConfiguration;
			buildSettings = {
				ASSETCATALOG_COMPILER_APPICON_NAME = AppIcon;
				ASSETCATALOG_COMPILER_GLOBAL_ACCENT_COLOR_NAME = AccentColor;
				CODE_SIGN_STYLE = Automatic;
				CURRENT_PROJECT_VERSION = 1;
				DEVELOPMENT_ASSET_PATHS = "\"SimpleCounter/Preview Content\"";
				DEVELOPMENT_TEAM = Q9X85ALM3B;
				ENABLE_PREVIEWS = YES;
				GENERATE_INFOPLIST_FILE = YES;
				INFOPLIST_KEY_UIApplicationSceneManifest_Generation = YES;
				INFOPLIST_KEY_UIApplicationSupportsIndirectInputEvents = YES;
				INFOPLIST_KEY_UILaunchScreen_Generation = YES;
				INFOPLIST_KEY_UISupportedInterfaceOrientations_iPad = "UIInterfaceOrientationPortrait UIInterfaceOrientationPortraitUpsideDown UIInterfaceOrientationLandscapeLeft UIInterfaceOrientationLandscapeRight";
				INFOPLIST_KEY_UISupportedInterfaceOrientations_iPhone = "UIInterfaceOrientationPortrait UIInterfaceOrientationLandscapeLeft UIInterfaceOrientationLandscapeRight";
				LD_RUNPATH_SEARCH_PATHS = (
					"$(inherited)",
					"@executable_path/Frameworks",
				);
				MARKETING_VERSION = 1.0;
				PRODUCT_BUNDLE_IDENTIFIER = com.dishant.SimpleCounter;
				PRODUCT_NAME = "$(TARGET_NAME)";
				SWIFT_EMIT_LOC_STRINGS = YES;
				SWIFT_VERSION = 5.0;
				TARGETED_DEVICE_FAMILY = "1,2";
			};
			name = Release;
		};
		17C86B9D2C76694D002CFE30 /* Debug */ = {
			isa = XCBuildConfiguration;
			buildSettings = {
				ALWAYS_EMBED_SWIFT_STANDARD_LIBRARIES = YES;
				BUNDLE_LOADER = "$(TEST_HOST)";
				CODE_SIGN_STYLE = Automatic;
				CURRENT_PROJECT_VERSION = 1;
				DEVELOPMENT_TEAM = Q9X85ALM3B;
				GENERATE_INFOPLIST_FILE = YES;
				IPHONEOS_DEPLOYMENT_TARGET = 17.5;
				MARKETING_VERSION = 1.0;
				PRODUCT_BUNDLE_IDENTIFIER = com.dishant.SimpleCounterTests;
				PRODUCT_NAME = "$(TARGET_NAME)";
				SWIFT_EMIT_LOC_STRINGS = NO;
				SWIFT_VERSION = 5.0;
				TARGETED_DEVICE_FAMILY = "1,2";
				TEST_HOST = "$(BUILT_PRODUCTS_DIR)/SimpleCounter.app/$(BUNDLE_EXECUTABLE_FOLDER_PATH)/SimpleCounter";
			};
			name = Debug;
		};
		17C86B9E2C76694D002CFE30 /* Release */ = {
			isa = XCBuildConfiguration;
			buildSettings = {
				ALWAYS_EMBED_SWIFT_STANDARD_LIBRARIES = YES;
				BUNDLE_LOADER = "$(TEST_HOST)";
				CODE_SIGN_STYLE = Automatic;
				CURRENT_PROJECT_VERSION = 1;
				DEVELOPMENT_TEAM = Q9X85ALM3B;
				GENERATE_INFOPLIST_FILE = YES;
				IPHONEOS_DEPLOYMENT_TARGET = 17.5;
				MARKETING_VERSION = 1.0;
				PRODUCT_BUNDLE_IDENTIFIER = com.dishant.SimpleCounterTests;
				PRODUCT_NAME = "$(TARGET_NAME)";
				SWIFT_EMIT_LOC_STRINGS = NO;
				SWIFT_VERSION = 5.0;
				TARGETED_DEVICE_FAMILY = "1,2";
				TEST_HOST = "$(BUILT_PRODUCTS_DIR)/SimpleCounter.app/$(BUNDLE_EXECUTABLE_FOLDER_PATH)/SimpleCounter";
			};
			name = Release;
		};
		17C86BA02C76694D002CFE30 /* Debug */ = {
			isa = XCBuildConfiguration;
			buildSettings = {
				ALWAYS_EMBED_SWIFT_STANDARD_LIBRARIES = YES;
				CODE_SIGN_STYLE = Automatic;
				CURRENT_PROJECT_VERSION = 1;
				DEVELOPMENT_TEAM = Q9X85ALM3B;
				GENERATE_INFOPLIST_FILE = YES;
				MARKETING_VERSION = 1.0;
				PRODUCT_BUNDLE_IDENTIFIER = com.dishant.SimpleCounterUITests;
				PRODUCT_NAME = "$(TARGET_NAME)";
				SWIFT_EMIT_LOC_STRINGS = NO;
				SWIFT_VERSION = 5.0;
				TARGETED_DEVICE_FAMILY = "1,2";
				TEST_TARGET_NAME = SimpleCounter;
			};
			name = Debug;
		};
		17C86BA12C76694D002CFE30 /* Release */ = {
			isa = XCBuildConfiguration;
			buildSettings = {
				ALWAYS_EMBED_SWIFT_STANDARD_LIBRARIES = YES;
				CODE_SIGN_STYLE = Automatic;
				CURRENT_PROJECT_VERSION = 1;
				DEVELOPMENT_TEAM = Q9X85ALM3B;
				GENERATE_INFOPLIST_FILE = YES;
				MARKETING_VERSION = 1.0;
				PRODUCT_BUNDLE_IDENTIFIER = com.dishant.SimpleCounterUITests;
				PRODUCT_NAME = "$(TARGET_NAME)";
				SWIFT_EMIT_LOC_STRINGS = NO;
				SWIFT_VERSION = 5.0;
				TARGETED_DEVICE_FAMILY = "1,2";
				TEST_TARGET_NAME = SimpleCounter;
			};
			name = Release;
		};
/* End XCBuildConfiguration section */

/* Begin XCConfigurationList section */
		17C86B702C76694C002CFE30 /* Build configuration list for PBXProject "SimpleCounter" */ = {
			isa = XCConfigurationList;
			buildConfigurations = (
				17C86B972C76694D002CFE30 /* Debug */,
				17C86B982C76694D002CFE30 /* Release */,
			);
			defaultConfigurationIsVisible = 0;
			defaultConfigurationName = Release;
		};
		17C86B992C76694D002CFE30 /* Build configuration list for PBXNativeTarget "SimpleCounter" */ = {
			isa = XCConfigurationList;
			buildConfigurations = (
				17C86B9A2C76694D002CFE30 /* Debug */,
				17C86B9B2C76694D002CFE30 /* Release */,
			);
			defaultConfigurationIsVisible = 0;
			defaultConfigurationName = Release;
		};
		17C86B9C2C76694D002CFE30 /* Build configuration list for PBXNativeTarget "SimpleCounterTests" */ = {
			isa = XCConfigurationList;
			buildConfigurations = (
				17C86B9D2C76694D002CFE30 /* Debug */,
				17C86B9E2C76694D002CFE30 /* Release */,
			);
			defaultConfigurationIsVisible = 0;
			defaultConfigurationName = Release;
		};
		17C86B9F2C76694D002CFE30 /* Build configuration list for PBXNativeTarget "SimpleCounterUITests" */ = {
			isa = XCConfigurationList;
			buildConfigurations = (
				17C86BA02C76694D002CFE30 /* Debug */,
				17C86BA12C76694D002CFE30 /* Release */,
			);
			defaultConfigurationIsVisible = 0;
			defaultConfigurationName = Release;
		};
/* End XCConfigurationList section */
	};
	rootObject = 17C86B6D2C76694C002CFE30 /* Project object */;
}
